
Microsoft Visual Studio Solution File, Format Version 12.00
# Visual Studio Version 17
VisualStudioVersion = 17.3.32825.248
MinimumVisualStudioVersion = 10.0.40219.1
Project("{FAE04EC0-301F-11D3-BF4B-00C04F79EFBC}") = "AWSRekognitionLoginCares", "AWSRekognitionLoginCares\AWSRekognitionLoginCares.csproj", "{13433E36-36ED-4603-BBA9-F17BB634DAEC}"
EndProject
Global
	GlobalSection(SolutionConfigurationPlatforms) = preSolution
		Debug|Any CPU = Debug|Any CPU
		Release|Any CPU = Release|Any CPU
	EndGlobalSection
	GlobalSection(ProjectConfigurationPlatforms) = postSolution
		{13433E36-36ED-4603-BBA9-F17BB634DAEC}.Debug|Any CPU.ActiveCfg = Debug|Any CPU
		{13433E36-36ED-4603-BBA9-F17BB634DAEC}.Debug|Any CPU.Build.0 = Debug|Any CPU
		{13433E36-36ED-4603-BBA9-F17BB634DAEC}.Release|Any CPU.ActiveCfg = Release|Any CPU
		{13433E36-36ED-4603-BBA9-F17BB634DAEC}.Release|Any CPU.Build.0 = Release|Any CPU
	EndGlobalSection
	GlobalSection(SolutionProperties) = preSolution
		HideSolutionNode = FALSE
	EndGlobalSection
	GlobalSection(ExtensibilityGlobals) = postSolution
		SolutionGuid = {FC94E0C1-1C48-41C1-AC23-8925D8499AF0}
	EndGlobalSection
EndGlobal
